{
  "name": "@galihru/mnp-monorepo",
  "version": "0.1.0",
  "lockfileVersion": 3,
  "requires": true,
  "packages": {
    "": {
      "name": "@galihru/mnp-monorepo",
      "version": "0.1.0",
      "workspaces": [
        "packages/*"
      ]
    },
    "node_modules/@galihru/mnp": {
      "resolved": "packages/mnp",
      "link": true
    },
    "node_modules/@galihru/mnp-material": {
      "resolved": "packages/mnp-material",
      "link": true
    },
    "node_modules/@galihru/mnp-mie": {
      "resolved": "packages/mnp-mie",
      "link": true
    },
    "packages/mnp": {
      "name": "@galihru/mnp",
      "version": "0.1.0",
      "license": "GPL-2.0-only",
      "dependencies": {
        "@galihru/mnp-material": "0.1.0",
        "@galihru/mnp-mie": "0.1.0"
      }
    },
    "packages/mnp-material": {
      "name": "@galihru/mnp-material",
      "version": "0.1.0",
      "license": "GPL-2.0-only"
    },
    "packages/mnp-mie": {
      "name": "@galihru/mnp-mie",
      "version": "0.1.0",
      "license": "GPL-2.0-only"
    }
  }
}
